// !$*UTF8*$!
{
	archiveVersion = 1;
	classes = {
	};
	objectVersion = 46;
	objects = {

/* Begin PBXBuildFile section */
		BE206D0714D2F6B500832924 /* ChapterViewController.m in Sources */ = {isa = PBXBuildFile; fileRef = BE206D0514D2F6B500832924 /* ChapterViewController.m */; };
		BE206D1214D2F8B200832924 /* ContentViewController.m in Sources */ = {isa = PBXBuildFile; fileRef = BE206D1014D2F8B200832924 /* ContentViewController.m */; };
		BE206D1314D2F8B200832924 /* Content.xib in Resources */ = {isa = PBXBuildFile; fileRef = BE206D1114D2F8B200832924 /* Content.xib */; };
		BE60745014DC4C60001B5C76 /* Chapter.xib in Resources */ = {isa = PBXBuildFile; fileRef = BE60744E14DC4C60001B5C76 /* Chapter.xib */; };
		BE804C7E14D2754D00B85E9D /* UIKit.framework in Frameworks */ = {isa = PBXBuildFile; fileRef = BE804C7D14D2754D00B85E9D /* UIKit.framework */; };
		BE804C8014D2754D00B85E9D /* Foundation.framework in Frameworks */ = {isa = PBXBuildFile; fileRef = BE804C7F14D2754D00B85E9D /* Foundation.framework */; };
		BE804C8214D2754D00B85E9D /* CoreGraphics.framework in Frameworks */ = {isa = PBXBuildFile; fileRef = BE804C8114D2754D00B85E9D /* CoreGraphics.framework */; };
		BE804C8814D2754D00B85E9D /* InfoPlist.strings in Resources */ = {isa = PBXBuildFile; fileRef = BE804C8614D2754D00B85E9D /* InfoPlist.strings */; };
		BE804C8A14D2754D00B85E9D /* main.m in Sources */ = {isa = PBXBuildFile; fileRef = BE804C8914D2754D00B85E9D /* main.m */; };
		BE804C8E14D2754D00B85E9D /* MainAppDelegate.m in Sources */ = {isa = PBXBuildFile; fileRef = BE804C8D14D2754D00B85E9D /* MainAppDelegate.m */; };
		BE804C9514D2756700B85E9D /* bible_iphone.png in Resources */ = {isa = PBXBuildFile; fileRef = BE804C9414D2756700B85E9D /* bible_iphone.png */; };
		BE804C9914D2762200B85E9D /* Window.xib in Resources */ = {isa = PBXBuildFile; fileRef = BE804C9814D2762200B85E9D /* Window.xib */; };
		BE804C9B14D2786600B85E9D /* Default.png in Resources */ = {isa = PBXBuildFile; fileRef = BE804C9A14D2786600B85E9D /* Default.png */; };
		BE804CA414D2790D00B85E9D /* MainViewController.m in Sources */ = {isa = PBXBuildFile; fileRef = BE804CA314D2790D00B85E9D /* MainViewController.m */; };
		BE804CA614D27B5700B85E9D /* Localizable.strings in Resources */ = {isa = PBXBuildFile; fileRef = BE804CA514D27B5700B85E9D /* Localizable.strings */; };
		BE84C9CB14DAEB88004FF840 /* FMDatabase.m in Sources */ = {isa = PBXBuildFile; fileRef = BE84C9C614DAEB88004FF840 /* FMDatabase.m */; };
		BE84C9CC14DAEB88004FF840 /* FMDatabaseAdditions.m in Sources */ = {isa = PBXBuildFile; fileRef = BE84C9C814DAEB88004FF840 /* FMDatabaseAdditions.m */; };
		BE84C9CD14DAEB88004FF840 /* FMResultSet.m in Sources */ = {isa = PBXBuildFile; fileRef = BE84C9CA14DAEB88004FF840 /* FMResultSet.m */; };
		BE84C9D014DAECC2004FF840 /* libsqlite3.dylib in Frameworks */ = {isa = PBXBuildFile; fileRef = BE84C9CF14DAECC2004FF840 /* libsqlite3.dylib */; };
		BE84F58114E0DAE600EFF924 /* Holy-Bible-114.png in Resources */ = {isa = PBXBuildFile; fileRef = BE84F58014E0DAE600EFF924 /* Holy-Bible-114.png */; };
		BE96C63C14E0F8A60067E89F /* cunp.sqlite3 in Resources */ = {isa = PBXBuildFile; fileRef = BE96C63B14E0F8A60067E89F /* cunp.sqlite3 */; };
/* End PBXBuildFile section */

/* Begin PBXFileReference section */
		BE206D0414D2F6B500832924 /* ChapterViewController.h */ = {isa = PBXFileReference; fileEncoding = 4; lastKnownFileType = sourcecode.c.h; path = ChapterViewController.h; sourceTree = "<group>"; };
		BE206D0514D2F6B500832924 /* ChapterViewController.m */ = {isa = PBXFileReference; fileEncoding = 4; lastKnownFileType = sourcecode.c.objc; path = ChapterViewController.m; sourceTree = "<group>"; };
		BE206D1014D2F8B200832924 /* ContentViewController.m */ = {isa = PBXFileReference; fileEncoding = 4; lastKnownFileType = sourcecode.c.objc; path = ContentViewController.m; sourceTree = "<group>"; };
		BE206D1114D2F8B200832924 /* Content.xib */ = {isa = PBXFileReference; fileEncoding = 4; lastKnownFileType = file.xib; name = Content.xib; path = "Holy Bible/Content.xib"; sourceTree = "<group>"; };
		BE60744E14DC4C60001B5C76 /* Chapter.xib */ = {isa = PBXFileReference; fileEncoding = 4; lastKnownFileType = file.xib; name = Chapter.xib; path = "Holy Bible/Chapter.xib"; sourceTree = "<group>"; };
		BE804C7914D2754D00B85E9D /* Holy Bible.app */ = {isa = PBXFileReference; explicitFileType = wrapper.application; includeInIndex = 0; path = "Holy Bible.app"; sourceTree = BUILT_PRODUCTS_DIR; };
		BE804C7D14D2754D00B85E9D /* UIKit.framework */ = {isa = PBXFileReference; lastKnownFileType = wrapper.framework; name = UIKit.framework; path = System/Library/Frameworks/UIKit.framework; sourceTree = SDKROOT; };
		BE804C7F14D2754D00B85E9D /* Foundation.framework */ = {isa = PBXFileReference; lastKnownFileType = wrapper.framework; name = Foundation.framework; path = System/Library/Frameworks/Foundation.framework; sourceTree = SDKROOT; };
		BE804C8114D2754D00B85E9D /* CoreGraphics.framework */ = {isa = PBXFileReference; lastKnownFileType = wrapper.framework; name = CoreGraphics.framework; path = System/Library/Frameworks/CoreGraphics.framework; sourceTree = SDKROOT; };
		BE804C8514D2754D00B85E9D /* Holy Bible-Info.plist */ = {isa = PBXFileReference; lastKnownFileType = text.plist.xml; path = "Holy Bible-Info.plist"; sourceTree = "<group>"; };
		BE804C8714D2754D00B85E9D /* en */ = {isa = PBXFileReference; lastKnownFileType = text.plist.strings; name = en; path = en.lproj/InfoPlist.strings; sourceTree = "<group>"; };
		BE804C8914D2754D00B85E9D /* main.m */ = {isa = PBXFileReference; lastKnownFileType = sourcecode.c.objc; path = main.m; sourceTree = "<group>"; };
		BE804C8B14D2754D00B85E9D /* Holy Bible-Prefix.pch */ = {isa = PBXFileReference; lastKnownFileType = sourcecode.c.h; path = "Holy Bible-Prefix.pch"; sourceTree = "<group>"; };
		BE804C8C14D2754D00B85E9D /* MainAppDelegate.h */ = {isa = PBXFileReference; lastKnownFileType = sourcecode.c.h; path = MainAppDelegate.h; sourceTree = "<group>"; };
		BE804C8D14D2754D00B85E9D /* MainAppDelegate.m */ = {isa = PBXFileReference; lastKnownFileType = sourcecode.c.objc; path = MainAppDelegate.m; sourceTree = "<group>"; };
		BE804C9414D2756700B85E9D /* bible_iphone.png */ = {isa = PBXFileReference; lastKnownFileType = image.png; path = bible_iphone.png; sourceTree = "<group>"; };
		BE804C9814D2762200B85E9D /* Window.xib */ = {isa = PBXFileReference; fileEncoding = 4; lastKnownFileType = file.xib; name = Window.xib; path = "Holy Bible/Window.xib"; sourceTree = "<group>"; };
		BE804C9A14D2786600B85E9D /* Default.png */ = {isa = PBXFileReference; lastKnownFileType = image.png; path = Default.png; sourceTree = "<group>"; };
		BE804CA214D2790D00B85E9D /* MainViewController.h */ = {isa = PBXFileReference; fileEncoding = 4; lastKnownFileType = sourcecode.c.h; path = MainViewController.h; sourceTree = "<group>"; };
		BE804CA314D2790D00B85E9D /* MainViewController.m */ = {isa = PBXFileReference; fileEncoding = 4; lastKnownFileType = sourcecode.c.objc; path = MainViewController.m; sourceTree = "<group>"; };
		BE804CA514D27B5700B85E9D /* Localizable.strings */ = {isa = PBXFileReference; fileEncoding = 4; lastKnownFileType = text.plist.strings; path = Localizable.strings; sourceTree = "<group>"; };
		BE84C9C514DAEB88004FF840 /* FMDatabase.h */ = {isa = PBXFileReference; fileEncoding = 4; lastKnownFileType = sourcecode.c.h; path = FMDatabase.h; sourceTree = "<group>"; };
		BE84C9C614DAEB88004FF840 /* FMDatabase.m */ = {isa = PBXFileReference; fileEncoding = 4; lastKnownFileType = sourcecode.c.objc; path = FMDatabase.m; sourceTree = "<group>"; };
		BE84C9C714DAEB88004FF840 /* FMDatabaseAdditions.h */ = {isa = PBXFileReference; fileEncoding = 4; lastKnownFileType = sourcecode.c.h; path = FMDatabaseAdditions.h; sourceTree = "<group>"; };
		BE84C9C814DAEB88004FF840 /* FMDatabaseAdditions.m */ = {isa = PBXFileReference; fileEncoding = 4; lastKnownFileType = sourcecode.c.objc; path = FMDatabaseAdditions.m; sourceTree = "<group>"; };
		BE84C9C914DAEB88004FF840 /* FMResultSet.h */ = {isa = PBXFileReference; fileEncoding = 4; lastKnownFileType = sourcecode.c.h; path = FMResultSet.h; sourceTree = "<group>"; };
		BE84C9CA14DAEB88004FF840 /* FMResultSet.m */ = {isa = PBXFileReference; fileEncoding = 4; lastKnownFileType = sourcecode.c.objc; path = FMResultSet.m; sourceTree = "<group>"; };
		BE84C9CF14DAECC2004FF840 /* libsqlite3.dylib */ = {isa = PBXFileReference; lastKnownFileType = "compiled.mach-o.dylib"; name = libsqlite3.dylib; path = usr/lib/libsqlite3.dylib; sourceTree = SDKROOT; };
		BE84F58014E0DAE600EFF924 /* Holy-Bible-114.png */ = {isa = PBXFileReference; lastKnownFileType = image.png; path = "Holy-Bible-114.png"; sourceTree = "<group>"; };
		BE921B1714FC7AB800DBF193 /* en */ = {isa = PBXFileReference; lastKnownFileType = sourcecode.c.h; name = en; path = en.lproj/ContentViewController.h; sourceTree = "<group>"; };
		BE96C63B14E0F8A60067E89F /* cunp.sqlite3 */ = {isa = PBXFileReference; lastKnownFileType = file; name = cunp.sqlite3; path = "Holy Bible/cunp.sqlite3"; sourceTree = "<group>"; };
/* End PBXFileReference section */

/* Begin PBXFrameworksBuildPhase section */
		BE804C7614D2754D00B85E9D /* Frameworks */ = {
			isa = PBXFrameworksBuildPhase;
			buildActionMask = 2147483647;
			files = (
				BE84C9D014DAECC2004FF840 /* libsqlite3.dylib in Frameworks */,
				BE804C7E14D2754D00B85E9D /* UIKit.framework in Frameworks */,
				BE804C8014D2754D00B85E9D /* Foundation.framework in Frameworks */,
				BE804C8214D2754D00B85E9D /* CoreGraphics.framework in Frameworks */,
			);
			runOnlyForDeploymentPostprocessing = 0;
		};
/* End PBXFrameworksBuildPhase section */

/* Begin PBXGroup section */
		BE74979714DC2AEC00A385C1 /* Resources */ = {
			isa = PBXGroup;
			children = (
				BE96C63B14E0F8A60067E89F /* cunp.sqlite3 */,
				BE60744E14DC4C60001B5C76 /* Chapter.xib */,
				BE804C9814D2762200B85E9D /* Window.xib */,
				BE206D1114D2F8B200832924 /* Content.xib */,
			);
			name = Resources;
			path = ..;
			sourceTree = "<group>";
		};
		BE804C6E14D2754D00B85E9D = {
			isa = PBXGroup;
			children = (
				BE84F58014E0DAE600EFF924 /* Holy-Bible-114.png */,
				BE804C9A14D2786600B85E9D /* Default.png */,
				BE804C9414D2756700B85E9D /* bible_iphone.png */,
				BE804C8314D2754D00B85E9D /* Holy Bible */,
				BE804C7C14D2754D00B85E9D /* Frameworks */,
				BE804C7A14D2754D00B85E9D /* Products */,
			);
			sourceTree = "<group>";
		};
		BE804C7A14D2754D00B85E9D /* Products */ = {
			isa = PBXGroup;
			children = (
				BE804C7914D2754D00B85E9D /* Holy Bible.app */,
			);
			name = Products;
			sourceTree = "<group>";
		};
		BE804C7C14D2754D00B85E9D /* Frameworks */ = {
			isa = PBXGroup;
			children = (
				BE804C7D14D2754D00B85E9D /* UIKit.framework */,
				BE804C7F14D2754D00B85E9D /* Foundation.framework */,
				BE804C8114D2754D00B85E9D /* CoreGraphics.framework */,
			);
			name = Frameworks;
			sourceTree = "<group>";
		};
		BE804C8314D2754D00B85E9D /* Holy Bible */ = {
			isa = PBXGroup;
			children = (
				BE74979714DC2AEC00A385C1 /* Resources */,
				BEA14E9314F54308009ED2AA /* iPad */,
				BE804C8C14D2754D00B85E9D /* MainAppDelegate.h */,
				BE804C8D14D2754D00B85E9D /* MainAppDelegate.m */,
				BE804C8414D2754D00B85E9D /* Supporting Files */,
				BE804CA214D2790D00B85E9D /* MainViewController.h */,
				BE804CA314D2790D00B85E9D /* MainViewController.m */,
				BE206D0414D2F6B500832924 /* ChapterViewController.h */,
				BE206D0514D2F6B500832924 /* ChapterViewController.m */,
				BE921B1814FC7AB800DBF193 /* ContentViewController.h */,
				BE206D1014D2F8B200832924 /* ContentViewController.m */,
			);
			path = "Holy Bible";
			sourceTree = "<group>";
		};
		BE804C8414D2754D00B85E9D /* Supporting Files */ = {
			isa = PBXGroup;
			children = (
				BE84C9CF14DAECC2004FF840 /* libsqlite3.dylib */,
				BE84C9C514DAEB88004FF840 /* FMDatabase.h */,
				BE84C9C614DAEB88004FF840 /* FMDatabase.m */,
				BE84C9C714DAEB88004FF840 /* FMDatabaseAdditions.h */,
				BE84C9C814DAEB88004FF840 /* FMDatabaseAdditions.m */,
				BE84C9C914DAEB88004FF840 /* FMResultSet.h */,
				BE84C9CA14DAEB88004FF840 /* FMResultSet.m */,
				BE804CA514D27B5700B85E9D /* Localizable.strings */,
				BE804C8514D2754D00B85E9D /* Holy Bible-Info.plist */,
				BE804C8614D2754D00B85E9D /* InfoPlist.strings */,
				BE804C8914D2754D00B85E9D /* main.m */,
				BE804C8B14D2754D00B85E9D /* Holy Bible-Prefix.pch */,
			);
			name = "Supporting Files";
			sourceTree = "<group>";
		};
		BEA14E9314F54308009ED2AA /* iPad */ = {
			isa = PBXGroup;
			children = (
			);
			name = iPad;
			sourceTree = "<group>";
		};
/* End PBXGroup section */

/* Begin PBXNativeTarget section */
		BE804C7814D2754D00B85E9D /* Holy Bible */ = {
			isa = PBXNativeTarget;
			buildConfigurationList = BE804C9114D2754D00B85E9D /* Build configuration list for PBXNativeTarget "Holy Bible" */;
			buildPhases = (
				BE804C7514D2754D00B85E9D /* Sources */,
				BE804C7614D2754D00B85E9D /* Frameworks */,
				BE804C7714D2754D00B85E9D /* Resources */,
			);
			buildRules = (
			);
			dependencies = (
			);
			name = "Holy Bible";
			productName = "Holy Bible";
			productReference = BE804C7914D2754D00B85E9D /* Holy Bible.app */;
			productType = "com.apple.product-type.application";
		};
/* End PBXNativeTarget section */

/* Begin PBXProject section */
		BE804C7014D2754D00B85E9D /* Project object */ = {
			isa = PBXProject;
			attributes = {
				LastUpgradeCheck = 0420;
				ORGANIZATIONNAME = fishgold;
			};
			buildConfigurationList = BE804C7314D2754D00B85E9D /* Build configuration list for PBXProject "Holy Bible" */;
			compatibilityVersion = "Xcode 3.2";
			developmentRegion = English;
			hasScannedForEncodings = 0;
			knownRegions = (
				en,
			);
			mainGroup = BE804C6E14D2754D00B85E9D;
			productRefGroup = BE804C7A14D2754D00B85E9D /* Products */;
			projectDirPath = "";
			projectRoot = "";
			targets = (
				BE804C7814D2754D00B85E9D /* Holy Bible */,
			);
		};
/* End PBXProject section */

/* Begin PBXResourcesBuildPhase section */
		BE804C7714D2754D00B85E9D /* Resources */ = {
			isa = PBXResourcesBuildPhase;
			buildActionMask = 2147483647;
			files = (
				BE804C8814D2754D00B85E9D /* InfoPlist.strings in Resources */,
				BE804C9514D2756700B85E9D /* bible_iphone.png in Resources */,
				BE804C9914D2762200B85E9D /* Window.xib in Resources */,
				BE804C9B14D2786600B85E9D /* Default.png in Resources */,
				BE804CA614D27B5700B85E9D /* Localizable.strings in Resources */,
				BE206D1314D2F8B200832924 /* Content.xib in Resources */,
				BE60745014DC4C60001B5C76 /* Chapter.xib in Resources */,
				BE84F58114E0DAE600EFF924 /* Holy-Bible-114.png in Resources */,
				BE96C63C14E0F8A60067E89F /* cunp.sqlite3 in Resources */,
			);
			runOnlyForDeploymentPostprocessing = 0;
		};
/* End PBXResourcesBuildPhase section */

/* Begin PBXSourcesBuildPhase section */
		BE804C7514D2754D00B85E9D /* Sources */ = {
			isa = PBXSourcesBuildPhase;
			buildActionMask = 2147483647;
			files = (
				BE804C8A14D2754D00B85E9D /* main.m in Sources */,
				BE804C8E14D2754D00B85E9D /* MainAppDelegate.m in Sources */,
				BE804CA414D2790D00B85E9D /* MainViewController.m in Sources */,
				BE206D0714D2F6B500832924 /* ChapterViewController.m in Sources */,
				BE206D1214D2F8B200832924 /* ContentViewController.m in Sources */,
				BE84C9CB14DAEB88004FF840 /* FMDatabase.m in Sources */,
				BE84C9CC14DAEB88004FF840 /* FMDatabaseAdditions.m in Sources */,
				BE84C9CD14DAEB88004FF840 /* FMResultSet.m in Sources */,
			);
			runOnlyForDeploymentPostprocessing = 0;
		};
/* End PBXSourcesBuildPhase section */

/* Begin PBXVariantGroup section */
		BE804C8614D2754D00B85E9D /* InfoPlist.strings */ = {
			isa = PBXVariantGroup;
			children = (
				BE804C8714D2754D00B85E9D /* en */,
			);
			name = InfoPlist.strings;
			sourceTree = "<group>";
		};
		BE921B1814FC7AB800DBF193 /* ContentViewController.h */ = {
			isa = PBXVariantGroup;
			children = (
				BE921B1714FC7AB800DBF193 /* en */,
			);
			name = ContentViewController.h;
			sourceTree = "<group>";
		};
/* End PBXVariantGroup section */

/* Begin XCBuildConfiguration section */
		BE804C8F14D2754D00B85E9D /* Debug */ = {
			isa = XCBuildConfiguration;
			buildSettings = {
				ALWAYS_SEARCH_USER_PATHS = NO;
				ARCHS = "$(ARCHS_STANDARD_32_BIT)";
				"CODE_SIGN_IDENTITY[sdk=iphoneos*]" = "iPhone Developer";
				COPY_PHASE_STRIP = NO;
				GCC_C_LANGUAGE_STANDARD = gnu99;
				GCC_DYNAMIC_NO_PIC = NO;
				GCC_OPTIMIZATION_LEVEL = 0;
				GCC_PREPROCESSOR_DEFINITIONS = (
					"DEBUG=1",
					"$(inherited)",
				);
				GCC_SYMBOLS_PRIVATE_EXTERN = NO;
				GCC_VERSION = com.apple.compilers.llvm.clang.1_0;
				GCC_WARN_ABOUT_MISSING_PROTOTYPES = YES;
				GCC_WARN_ABOUT_RETURN_TYPE = YES;
				GCC_WARN_UNUSED_VARIABLE = YES;
				IPHONEOS_DEPLOYMENT_TARGET = 4.2;
				SDKROOT = iphoneos;
				TARGETED_DEVICE_FAMILY = 1;
			};
			name = Debug;
		};
		BE804C9014D2754D00B85E9D /* Release */ = {
			isa = XCBuildConfiguration;
			buildSettings = {
				ALWAYS_SEARCH_USER_PATHS = NO;
				ARCHS = "$(ARCHS_STANDARD_32_BIT)";
				"CODE_SIGN_IDENTITY[sdk=iphoneos5.0]" = "iPhone Distribution: JUN WEI Lien";
				COPY_PHASE_STRIP = YES;
				GCC_C_LANGUAGE_STANDARD = gnu99;
				GCC_VERSION = com.apple.compilers.llvm.clang.1_0;
				GCC_WARN_ABOUT_MISSING_PROTOTYPES = YES;
				GCC_WARN_ABOUT_RETURN_TYPE = YES;
				GCC_WARN_UNUSED_VARIABLE = YES;
				IPHONEOS_DEPLOYMENT_TARGET = 4.2;
				OTHER_CFLAGS = "-DNS_BLOCK_ASSERTIONS=1";
				"PROVISIONING_PROFILE[sdk=iphoneos5.0]" = "685DE46C-CA00-41F8-96F6-86BA19274380";
				SDKROOT = iphoneos;
				TARGETED_DEVICE_FAMILY = 1;
				VALIDATE_PRODUCT = YES;
			};
			name = Release;
		};
		BE804C9214D2754D00B85E9D /* Debug */ = {
			isa = XCBuildConfiguration;
			buildSettings = {
				ARCHS = (
					armv6,
					armv7,
				);
				CODE_SIGN_IDENTITY = "iPhone Developer: Will Lien (4Z58K964TS)";
				"CODE_SIGN_IDENTITY[sdk=iphoneos*]" = "iPhone Developer: Will Lien (4Z58K964TS)";
				GCC_PRECOMPILE_PREFIX_HEADER = YES;
				GCC_PREFIX_HEADER = "Holy Bible/Holy Bible-Prefix.pch";
				INFOPLIST_FILE = "Holy Bible/Holy Bible-Info.plist";
				IPHONEOS_DEPLOYMENT_TARGET = 4.2;
				ONLY_ACTIVE_ARCH = NO;
				PRODUCT_NAME = "$(TARGET_NAME)";
				PROVISIONING_PROFILE = "BAA31000-9703-4A32-A50B-2AB9D3592427";
				"PROVISIONING_PROFILE[sdk=iphoneos*]" = "BAA31000-9703-4A32-A50B-2AB9D3592427";
				TARGETED_DEVICE_FAMILY = 1;
				WRAPPER_EXTENSION = app;
			};
			name = Debug;
		};
		BE804C9314D2754D00B85E9D /* Release */ = {
			isa = XCBuildConfiguration;
			buildSettings = {
				ARCHS = (
					armv6,
					armv7,
				);
				CODE_SIGN_IDENTITY = "iPhone Distribution: JUN WEI Lien";
				"CODE_SIGN_IDENTITY[sdk=iphoneos*]" = "iPhone Distribution: JUN WEI Lien";
				"CODE_SIGN_IDENTITY[sdk=iphoneos5.0]" = "iPhone Distribution";
				GCC_PRECOMPILE_PREFIX_HEADER = YES;
				GCC_PREFIX_HEADER = "Holy Bible/Holy Bible-Prefix.pch";
				INFOPLIST_FILE = "Holy Bible/Holy Bible-Info.plist";
				IPHONEOS_DEPLOYMENT_TARGET = 4.2;
				ONLY_ACTIVE_ARCH = NO;
				PRODUCT_NAME = "$(TARGET_NAME)";
				PROVISIONING_PROFILE = "685DE46C-CA00-41F8-96F6-86BA19274380";
				"PROVISIONING_PROFILE[sdk=iphoneos*]" = "685DE46C-CA00-41F8-96F6-86BA19274380";
				"PROVISIONING_PROFILE[sdk=iphoneos5.0]" = "685DE46C-CA00-41F8-96F6-86BA19274380";
				SKIP_INSTALL = NO;
				TARGETED_DEVICE_FAMILY = 1;
				WRAPPER_EXTENSION = app;
			};
			name = Release;
		};
/* End XCBuildConfiguration section */

/* Begin XCConfigurationList section */
		BE804C7314D2754D00B85E9D /* Build configuration list for PBXProject "Holy Bible" */ = {
			isa = XCConfigurationList;
			buildConfigurations = (
				BE804C8F14D2754D00B85E9D /* Debug */,
				BE804C9014D2754D00B85E9D /* Release */,
			);
			defaultConfigurationIsVisible = 0;
			defaultConfigurationName = Release;
		};
		BE804C9114D2754D00B85E9D /* Build configuration list for PBXNativeTarget "Holy Bible" */ = {
			isa = XCConfigurationList;
			buildConfigurations = (
				BE804C9214D2754D00B85E9D /* Debug */,
				BE804C9314D2754D00B85E9D /* Release */,
			);
			defaultConfigurationIsVisible = 0;
			defaultConfigurationName = Release;
		};
/* End XCConfigurationList section */
	};
	rootObject = BE804C7014D2754D00B85E9D /* Project object */;
}
